Microsoft Visual Studio Solution File, Format Version 12.00
# Visual Studio 2012
Project("{FAE04EC0-301F-11D3-BF4B-00C04F79EFBC}") = "the-pirate-king", "the-pirate-king.csproj", "{14A00F64-997F-40C5-AA2A-B1C21F4EC74D}"
EndProject
Global
	GlobalSection(SolutionConfigurationPlatforms) = preSolution
	Debug|Any CPU = Debug|Any CPU
	ExportDebug|Any CPU = ExportDebug|Any CPU
	ExportRelease|Any CPU = ExportRelease|Any CPU
	EndGlobalSection
	GlobalSection(ProjectConfigurationPlatforms) = postSolution
		{14A00F64-997F-40C5-AA2A-B1C21F4EC74D}.Debug|Any CPU.ActiveCfg = Debug|Any CPU
		{14A00F64-997F-40C5-AA2A-B1C21F4EC74D}.Debug|Any CPU.Build.0 = Debug|Any CPU
		{14A00F64-997F-40C5-AA2A-B1C21F4EC74D}.ExportDebug|Any CPU.ActiveCfg = ExportDebug|Any CPU
		{14A00F64-997F-40C5-AA2A-B1C21F4EC74D}.ExportDebug|Any CPU.Build.0 = ExportDebug|Any CPU
		{14A00F64-997F-40C5-AA2A-B1C21F4EC74D}.ExportRelease|Any CPU.ActiveCfg = ExportRelease|Any CPU
		{14A00F64-997F-40C5-AA2A-B1C21F4EC74D}.ExportRelease|Any CPU.Build.0 = ExportRelease|Any CPU
	EndGlobalSection
EndGlobal
